
Microsoft Visual Studio Solution File, Format Version 12.00
# Visual Studio Version 17
VisualStudioVersion = 17.2.33027.314
MinimumVisualStudioVersion = 10.0.40219.1
Project("{9A19103F-16F7-4668-BE54-9A1E7A4F7556}") = "Core", "Core\Core.csproj", "{63684CC3-AD4F-4269-894D-120D49E4CC49}"
EndProject
Project("{8BC9CEB8-8B4A-11D0-8D11-00A0C91BC942}") = "AudioEngine", "AudioEngine\AudioEngine.vcxproj", "{2D592261-D2E6-4E3A-A490-B133EE4400D8}"
EndProject
Project("{8BC9CEB8-8B4A-11D0-8D11-00A0C91BC942}") = "AudioEngineWrapper", "AudioEngineWrapper\AudioEngineWrapper.vcxproj", "{577197A3-7724-4CEE-9FCA-90130622812A}"
EndProject
Project("{9A19103F-16F7-4668-BE54-9A1E7A4F7556}") = "AvaloniaFrontend", "AvaloniaFrontend\AvaloniaFrontend.csproj", "{326C1234-53AA-4560-B3B8-D3B29E847768}"
EndProject
Project("{8BC9CEB8-8B4A-11D0-8D11-00A0C91BC942}") = "AudioConsole", "AudioConsole\AudioConsole.vcxproj", "{1E98008C-18A5-4BC1-A72C-8E15008969CB}"
EndProject
Global
	GlobalSection(SolutionConfigurationPlatforms) = preSolution
		Debug|Any CPU = Debug|Any CPU
		Debug|x64 = Debug|x64
		Debug|x86 = Debug|x86
		Release|Any CPU = Release|Any CPU
		Release|x64 = Release|x64
		Release|x86 = Release|x86
	EndGlobalSection
	GlobalSection(ProjectConfigurationPlatforms) = postSolution
		{63684CC3-AD4F-4269-894D-120D49E4CC49}.Debug|Any CPU.ActiveCfg = Debug|Any CPU
		{63684CC3-AD4F-4269-894D-120D49E4CC49}.Debug|Any CPU.Build.0 = Debug|Any CPU
		{63684CC3-AD4F-4269-894D-120D49E4CC49}.Debug|x64.ActiveCfg = Debug|Any CPU
		{63684CC3-AD4F-4269-894D-120D49E4CC49}.Debug|x64.Build.0 = Debug|Any CPU
		{63684CC3-AD4F-4269-894D-120D49E4CC49}.Debug|x86.ActiveCfg = Debug|Any CPU
		{63684CC3-AD4F-4269-894D-120D49E4CC49}.Debug|x86.Build.0 = Debug|Any CPU
		{63684CC3-AD4F-4269-894D-120D49E4CC49}.Release|Any CPU.ActiveCfg = Release|Any CPU
		{63684CC3-AD4F-4269-894D-120D49E4CC49}.Release|Any CPU.Build.0 = Release|Any CPU
		{63684CC3-AD4F-4269-894D-120D49E4CC49}.Release|x64.ActiveCfg = Release|Any CPU
		{63684CC3-AD4F-4269-894D-120D49E4CC49}.Release|x64.Build.0 = Release|Any CPU
		{63684CC3-AD4F-4269-894D-120D49E4CC49}.Release|x86.ActiveCfg = Release|Any CPU
		{63684CC3-AD4F-4269-894D-120D49E4CC49}.Release|x86.Build.0 = Release|Any CPU
		{2D592261-D2E6-4E3A-A490-B133EE4400D8}.Debug|Any CPU.ActiveCfg = Debug|x64
		{2D592261-D2E6-4E3A-A490-B133EE4400D8}.Debug|Any CPU.Build.0 = Debug|x64
		{2D592261-D2E6-4E3A-A490-B133EE4400D8}.Debug|x64.ActiveCfg = Debug|x64
		{2D592261-D2E6-4E3A-A490-B133EE4400D8}.Debug|x64.Build.0 = Debug|x64
		{2D592261-D2E6-4E3A-A490-B133EE4400D8}.Debug|x86.ActiveCfg = Debug|Win32
		{2D592261-D2E6-4E3A-A490-B133EE4400D8}.Debug|x86.Build.0 = Debug|Win32
		{2D592261-D2E6-4E3A-A490-B133EE4400D8}.Release|Any CPU.ActiveCfg = Release|x64
		{2D592261-D2E6-4E3A-A490-B133EE4400D8}.Release|Any CPU.Build.0 = Release|x64
		{2D592261-D2E6-4E3A-A490-B133EE4400D8}.Release|x64.ActiveCfg = Release|x64
		{2D592261-D2E6-4E3A-A490-B133EE4400D8}.Release|x64.Build.0 = Release|x64
		{2D592261-D2E6-4E3A-A490-B133EE4400D8}.Release|x86.ActiveCfg = Release|Win32
		{2D592261-D2E6-4E3A-A490-B133EE4400D8}.Release|x86.Build.0 = Release|Win32
		{577197A3-7724-4CEE-9FCA-90130622812A}.Debug|Any CPU.ActiveCfg = Debug|x64
		{577197A3-7724-4CEE-9FCA-90130622812A}.Debug|Any CPU.Build.0 = Debug|x64
		{577197A3-7724-4CEE-9FCA-90130622812A}.Debug|x64.ActiveCfg = Debug|x64
		{577197A3-7724-4CEE-9FCA-90130622812A}.Debug|x64.Build.0 = Debug|x64
		{577197A3-7724-4CEE-9FCA-90130622812A}.Debug|x86.ActiveCfg = Debug|Win32
		{577197A3-7724-4CEE-9FCA-90130622812A}.Debug|x86.Build.0 = Debug|Win32
		{577197A3-7724-4CEE-9FCA-90130622812A}.Release|Any CPU.ActiveCfg = Release|x64
		{577197A3-7724-4CEE-9FCA-90130622812A}.Release|Any CPU.Build.0 = Release|x64
		{577197A3-7724-4CEE-9FCA-90130622812A}.Release|x64.ActiveCfg = Release|x64
		{577197A3-7724-4CEE-9FCA-90130622812A}.Release|x64.Build.0 = Release|x64
		{577197A3-7724-4CEE-9FCA-90130622812A}.Release|x86.ActiveCfg = Release|Win32
		{577197A3-7724-4CEE-9FCA-90130622812A}.Release|x86.Build.0 = Release|Win32
		{326C1234-53AA-4560-B3B8-D3B29E847768}.Debug|Any CPU.ActiveCfg = Debug|Any CPU
		{326C1234-53AA-4560-B3B8-D3B29E847768}.Debug|Any CPU.Build.0 = Debug|Any CPU
		{326C1234-53AA-4560-B3B8-D3B29E847768}.Debug|x64.ActiveCfg = Debug|Any CPU
		{326C1234-53AA-4560-B3B8-D3B29E847768}.Debug|x64.Build.0 = Debug|Any CPU
		{326C1234-53AA-4560-B3B8-D3B29E847768}.Debug|x86.ActiveCfg = Debug|Any CPU
		{326C1234-53AA-4560-B3B8-D3B29E847768}.Debug|x86.Build.0 = Debug|Any CPU
		{326C1234-53AA-4560-B3B8-D3B29E847768}.Release|Any CPU.ActiveCfg = Release|Any CPU
		{326C1234-53AA-4560-B3B8-D3B29E847768}.Release|Any CPU.Build.0 = Release|Any CPU
		{326C1234-53AA-4560-B3B8-D3B29E847768}.Release|x64.ActiveCfg = Release|Any CPU
		{326C1234-53AA-4560-B3B8-D3B29E847768}.Release|x64.Build.0 = Release|Any CPU
		{326C1234-53AA-4560-B3B8-D3B29E847768}.Release|x86.ActiveCfg = Release|Any CPU
		{326C1234-53AA-4560-B3B8-D3B29E847768}.Release|x86.Build.0 = Release|Any CPU
		{1E98008C-18A5-4BC1-A72C-8E15008969CB}.Debug|Any CPU.ActiveCfg = Debug|x64
		{1E98008C-18A5-4BC1-A72C-8E15008969CB}.Debug|Any CPU.Build.0 = Debug|x64
		{1E98008C-18A5-4BC1-A72C-8E15008969CB}.Debug|x64.ActiveCfg = Debug|x64
		{1E98008C-18A5-4BC1-A72C-8E15008969CB}.Debug|x64.Build.0 = Debug|x64
		{1E98008C-18A5-4BC1-A72C-8E15008969CB}.Debug|x86.ActiveCfg = Debug|Win32
		{1E98008C-18A5-4BC1-A72C-8E15008969CB}.Debug|x86.Build.0 = Debug|Win32
		{1E98008C-18A5-4BC1-A72C-8E15008969CB}.Release|Any CPU.ActiveCfg = Release|x64
		{1E98008C-18A5-4BC1-A72C-8E15008969CB}.Release|Any CPU.Build.0 = Release|x64
		{1E98008C-18A5-4BC1-A72C-8E15008969CB}.Release|x64.ActiveCfg = Release|x64
		{1E98008C-18A5-4BC1-A72C-8E15008969CB}.Release|x64.Build.0 = Release|x64
		{1E98008C-18A5-4BC1-A72C-8E15008969CB}.Release|x86.ActiveCfg = Release|Win32
		{1E98008C-18A5-4BC1-A72C-8E15008969CB}.Release|x86.Build.0 = Release|Win32
	EndGlobalSection
	GlobalSection(SolutionProperties) = preSolution
		HideSolutionNode = FALSE
	EndGlobalSection
	GlobalSection(ExtensibilityGlobals) = postSolution
		SolutionGuid = {24ECC666-8214-41EA-B0EA-F04444244706}
	EndGlobalSection
EndGlobal
