<?xml version="1.0" encoding="utf-8"?>
<Project ToolsVersion="4.0" xmlns="http://schemas.microsoft.com/developer/msbuild/2003">
  <ItemGroup>
    <Filter Include="Source Files">
      <UniqueIdentifier>{4FC737F1-C7A5-4376-A066-2A32D752A2FF}</UniqueIdentifier>
      <Extensions>cpp;c;cc;cxx;c++;cppm;ixx;def;odl;idl;hpj;bat;asm;asmx</Extensions>
    </Filter>
    <Filter Include="Header Files">
      <UniqueIdentifier>{93995380-89BD-4b04-88EB-625FBE52EBFB}</UniqueIdentifier>
      <Extensions>h;hh;hpp;hxx;h++;hm;inl;inc;ipp;xsd</Extensions>
    </Filter>
    <Filter Include="Resource Files">
      <UniqueIdentifier>{67DA6AB6-F800-4c08-8B7A-83BB121AAD01}</UniqueIdentifier>
      <Extensions>rc;ico;cur;bmp;dlg;rc2;rct;bin;rgs;gif;jpg;jpeg;jpe;resx;tiff;tif;png;wav;mfcribbon-ms</Extensions>
    </Filter>
  </ItemGroup>
  <ItemGroup>
    <ClInclude Include="framework.h">
      <Filter>Header Files</Filter>
    </ClInclude>
    <ClInclude Include="pch.h">
      <Filter>Header Files</Filter>
    </ClInclude>
    <ClInclude Include="miniaudio.h">
      <Filter>Header Files</Filter>
    </ClInclude>
    <ClInclude Include="AudioEngine.h">
      <Filter>Header Files</Filter>
    </ClInclude>
    <ClInclude Include="SignalGenerator.h">
      <Filter>Header Files</Filter>
    </ClInclude>
    <ClInclude Include="ImportExport.h">
      <Filter>Header Files</Filter>
    </ClInclude>
    <ClInclude Include="fft.hpp">
      <Filter>Header Files</Filter>
    </ClInclude>
    <ClInclude Include="IAudioStrategy.h">
      <Filter>Header Files</Filter>
    </ClInclude>
    <ClInclude Include="DuplexStrategy.h">
      <Filter>Header Files</Filter>
    </ClInclude>
    <ClInclude Include="LoopbackStrategy.h">
      <Filter>Header Files</Filter>
    </ClInclude>
    <ClInclude Include="FFTProcessor.h">
      <Filter>Header Files</Filter>
    </ClInclude>
    <ClInclude Include="FilePlaybackStrategy.h">
      <Filter>Header Files</Filter>
    </ClInclude>
    <ClInclude Include="AudioParameters.h">
      <Filter>Header Files</Filter>
    </ClInclude>
    <ClInclude Include="AudioLock.h">
      <Filter>Header Files</Filter>
    </ClInclude>
    <ClInclude Include="DigitalFilters.h">
      <Filter>Header Files</Filter>
    </ClInclude>
    <ClInclude Include="CircularDelay.hpp">
      <Filter>Header Files</Filter>
    </ClInclude>
    <ClInclude Include="SinWaveStrategy.h">
      <Filter>Header Files</Filter>
    </ClInclude>
    <ClInclude Include="DuplexFilteredStrategy.h">
      <Filter>Header Files</Filter>
    </ClInclude>
    <ClInclude Include="LoopbackFilteredStrategy.h">
      <Filter>Header Files</Filter>
    </ClInclude>
    <ClInclude Include="AudioDevices.h">
      <Filter>Header Files</Filter>
    </ClInclude>
  </ItemGroup>
  <ItemGroup>
    <ClCompile Include="dllmain.cpp">
      <Filter>Source Files</Filter>
    </ClCompile>
    <ClCompile Include="pch.cpp">
      <Filter>Source Files</Filter>
    </ClCompile>
    <ClCompile Include="AudioEngine.cpp">
      <Filter>Source Files</Filter>
    </ClCompile>
    <ClCompile Include="SignalGenerator.cpp">
      <Filter>Source Files</Filter>
    </ClCompile>
    <ClCompile Include="DuplexStrategy.cpp">
      <Filter>Source Files</Filter>
    </ClCompile>
    <ClCompile Include="miniaudio.c">
      <Filter>Source Files</Filter>
    </ClCompile>
    <ClCompile Include="LoopbackStrategy.cpp">
      <Filter>Source Files</Filter>
    </ClCompile>
    <ClCompile Include="FFTProcessor.cpp">
      <Filter>Source Files</Filter>
    </ClCompile>
    <ClCompile Include="FilePlaybackStrategy.cpp">
      <Filter>Source Files</Filter>
    </ClCompile>
    <ClCompile Include="AudioLock.cpp">
      <Filter>Source Files</Filter>
    </ClCompile>
    <ClCompile Include="SinWaveStrategy.cpp">
      <Filter>Source Files</Filter>
    </ClCompile>
    <ClCompile Include="DuplexFilteredStrategy.cpp">
      <Filter>Source Files</Filter>
    </ClCompile>
    <ClCompile Include="LoopbackFilteredStrategy.cpp">
      <Filter>Source Files</Filter>
    </ClCompile>
    <ClCompile Include="AudioDevices.cpp">
      <Filter>Source Files</Filter>
    </ClCompile>
  </ItemGroup>
</Project>